
Microsoft Visual Studio Solution File, Format Version 12.00
# Visual Studio Version 17
VisualStudioVersion = 17.4.33110.190
MinimumVisualStudioVersion = 10.0.40219.1
Project("{FAE04EC0-301F-11D3-BF4B-00C04F79EFBC}") = "JobLessonASPNETMVCCore02v01", "JobLessonASPNETMVCCore02v01\JobLessonASPNETMVCCore02v01.csproj", "{C1B4031F-C1CD-4D5F-9641-E3A1EE2942DA}"
EndProject
Global
	GlobalSection(SolutionConfigurationPlatforms) = preSolution
		Debug|Any CPU = Debug|Any CPU
		Release|Any CPU = Release|Any CPU
	EndGlobalSection
	GlobalSection(ProjectConfigurationPlatforms) = postSolution
		{C1B4031F-C1CD-4D5F-9641-E3A1EE2942DA}.Debug|Any CPU.ActiveCfg = Debug|Any CPU
		{C1B4031F-C1CD-4D5F-9641-E3A1EE2942DA}.Debug|Any CPU.Build.0 = Debug|Any CPU
		{C1B4031F-C1CD-4D5F-9641-E3A1EE2942DA}.Release|Any CPU.ActiveCfg = Release|Any CPU
		{C1B4031F-C1CD-4D5F-9641-E3A1EE2942DA}.Release|Any CPU.Build.0 = Release|Any CPU
	EndGlobalSection
	GlobalSection(SolutionProperties) = preSolution
		HideSolutionNode = FALSE
	EndGlobalSection
	GlobalSection(ExtensibilityGlobals) = postSolution
		SolutionGuid = {9C27B2A4-CE67-4FA3-8D6E-87FAD9E98834}
	EndGlobalSection
EndGlobal
